{
    "_meta": {
        "hash": {
            "sha256": "2d0fe064a4adee36eed6d40d607618d3f0e0e19ee6939e16d52caa4f7b4a25ff"
        },
        "pipfile-spec": 6,
        "requires": {
            "python_version": "3.6"
        },
        "sources": [
            {
                "name": "pypi",
                "url": "https://pypi.python.org/simple",
                "verify_ssl": true
            }
        ]
    },
    "default": {
        "asciimatics": {
            "hashes": [
                "sha256:4fa4ab85f414228cf7986d2ffde68f53685c45125ac0fd889dfac8069fd4d339"
            ],
            "index": "pypi",
            "version": "==1.9.0"
        },
        "comtypes": {
            "hashes": [
                "sha256:3174c7fbd043d33dfbe65b7ce91b9fd755c65c5f40f15a7678d71d5e80cdb73b"
            ],
            "version": "==1.1.4"
        },
        "future": {
            "hashes": [
                "sha256:e39ced1ab767b5936646cedba8bcce582398233d6a627067d4c6a454c90cfedb"
            ],
            "version": "==0.16.0"
        },
        "llvmlite": {
            "hashes": [
                "sha256:11dd5ef3e377d3ef38a482a92f245867bfb963fcc1290b0b07609fcad0a6b4ab",
                "sha256:16e20da2ab35f27b1f0969454f69586818531e2d669569f3d364ee13823e34a2",
                "sha256:1e63f317b8fb3679d3a397920b1e8bade2d5f471f6c60c7e9bf97746f616f79e",
                "sha256:265687c51d56f3b997f55fc4ec7196049b0ae5ff0f8bc9c838f132d89708faa6",
                "sha256:483be15369105ee8592022c5de78ad1c682d715075d1b8b7ad5c70282e79cc5d",
                "sha256:6f45baffe41d85a29025908cd130b1138b948bec13c3b7f224d59fc9a60f8253",
                "sha256:9a601fbe6bd05b3d8c7919342071ee1c3aea270b05a19b80de7be73181e67401",
                "sha256:b939b2a37089f92f6ac71dcffc6cf1cd116581a35274bb47523a830dd518d3bf",
                "sha256:c5c403094493cb74f957b33b264d84dd1cfe69d60d07bbf96e1bd74631fa0596",
                "sha256:c73515eb1fc5950c75247a497f479eca0c53308e111d914c37650ae83e467abe",
                "sha256:cfbc15c487ebea93ed72018435aac074383c5f7025cc7663da1fc15d0e323bf9",
                "sha256:d4c63c4d82516b2f67b026d6b9691947dc76d531f81d70e7a8b9617ad5d477b5",
                "sha256:da0dd46a96f7b0c4b440b7d06960ff8cd196d91e6487385ad41f522d44dc7a73",
                "sha256:de73b827a9889471c1ff2395933ed38a4e1926df8536a175ec83d8e6375cf20d",
                "sha256:e488a350b9c988cd369c633a489055a30a555c44008be7b9e518f62239b3d64c",
                "sha256:f547b562092b32d94afcd4e4f0af3e1f6f1fd785eb3b858da3b8eef792f1993a"
            ],
            "version": "==0.23.2"
        },
        "numba": {
            "hashes": [
                "sha256:1e6f404cdf285283c6c4868f823478db2e557040ed6373fda11785a2dbdb0dd9",
                "sha256:241977f503f2f89cccb63316bfe124a2dd2c1e8217952952688006d162cf56c7",
                "sha256:309c9855b4047610c629d6e1c05ad99057ca0298156891af1c869f12c99d349c",
                "sha256:331e71530254aabc8542b43f8425945783da1512dfede38ec2821c2a5df59f81",
                "sha256:33bc7e53e0335bed80a572642cf63ce9b4ac722eb22e3c50111e0fdec91bfd3f",
                "sha256:48fb76b8dcde868d6426c7c7836b76a0b2b20861547770c27b6307f712c09bc5",
                "sha256:76338ec7da8f2a7cc2106b53a3a321f20e42126149773c06abb62d48ec32f5ce",
                "sha256:8d57f122669a6953cfc78bdc5cab54fc829a966777564a1b35c6d8b17d613207",
                "sha256:9055414925d472b6c2d5257eca6affbc18871cff5c5a48f4b7c22b5c7deb05e4",
                "sha256:915b9c6f6b80b91948eeb3a47ceead1bf72d6c8d55480b48625f17fa4ea13c39",
                "sha256:aff1ef279087a7972cbb320714fbf795ef4ffdd3bf3b2299395345ba1a849152",
                "sha256:bc868296e67a6b62f0ee43bc099a36c967820617b4988425ed4929c66a8c1e23",
                "sha256:c32d0e6388ac637ea4ea3ae1fd86eec6e44d29e2eb51ec12faaf8c2acf97bd86",
                "sha256:da9be07d68bd4bf9e7b751ba8837f204501bce6770ac77a87bb956fc4cb3196b",
                "sha256:de11b8a704a4a43824929cd3cc68c8043c48a161b3f6deecf65bfdaf86d35cb1",
                "sha256:e5f26c2bf846384ce6b41ce281f69b04eb95f9aefcff337181b1e3823279022f"
            ],
            "index": "pypi",
            "version": "==0.38.1"
        },
        "numpy": {
            "hashes": [
                "sha256:07379fe0b450f6fd6e5934a9bc015025bb4ce1c8fbed3ca8bef29328b1bc9570",
                "sha256:085afac75bbc97a096744fcfc97a4b321c5a87220286811e85089ae04885acdd",
                "sha256:2d6481c6bdab1c75affc0fc71eb1bd4b3ecef620d06f2f60c3f00521d54be04f",
                "sha256:2df854df882d322d5c23087a4959e145b953dfff2abe1774fec4f639ac2f3160",
                "sha256:381ad13c30cd1d0b2f3da8a0c1a4aa697487e8bb0e9e0cbeb7439776bcb645f8",
                "sha256:385f1ce46e08676505b692bfde918c1e0b350963a15ef52d77691c2cf0f5dbf6",
                "sha256:4d278c2261be6423c5e63d8f0ceb1b0c6db3ff83f2906f4b860db6ae99ca1bb5",
                "sha256:51c5dcb51cf88b34b7d04c15f600b07c6ccbb73a089a38af2ab83c02862318da",
                "sha256:589336ba5199c8061239cf446ee2f2f1fcc0c68e8531ee1382b6fc0c66b2d388",
                "sha256:5edf1acc827ed139086af95ce4449b7b664f57a8c29eb755411a634be280d9f2",
                "sha256:6b82b81c6b3b70ed40bc6d0b71222ebfcd6b6c04a6e7945a936e514b9113d5a3",
                "sha256:6c57f973218b776195d0356e556ec932698f3a563e2f640cfca7020086383f50",
                "sha256:758d1091a501fd2d75034e55e7e98bfd1370dc089160845c242db1c760d944d9",
                "sha256:8622db292b766719810e0cb0f62ef6141e15fe32b04e4eb2959888319e59336b",
                "sha256:8b8dcfcd630f1981f0f1e3846fae883376762a0c1b472baa35b145b911683b7b",
                "sha256:97fa8f1dceffab782069b291e38c4c2227f255cdac5f1e3346666931df87373e",
                "sha256:9d69967673ab7b028c2df09cae05ba56bf4e39e3cb04ebe452b6035c3b49848e",
                "sha256:9e1f53afae865cc32459ad211493cf9e2a3651a7295b7a38654ef3d123808996",
                "sha256:a4a433b3a264dbc9aa9c7c241e87c0358a503ea6394f8737df1683c7c9a102ac",
                "sha256:baadc5f770917ada556afb7651a68176559f4dca5f4b2d0947cd15b9fb84fb51",
                "sha256:c725d11990a9243e6ceffe0ab25a07c46c1cc2c5dc55e305717b5afe856c9608",
                "sha256:d696a8c87315a83983fc59dd27efe034292b9e8ad667aeae51a68b4be14690d9",
                "sha256:e1864a4e9f93ddb2dc6b62ccc2ec1f8250ff4ac0d3d7a15c8985dd4e1fbd6418"
            ],
            "index": "pypi",
            "version": "==1.14.5"
        },
        "packaging": {
            "hashes": [
                "sha256:e9215d2d2535d3ae866c3d6efc77d5b24a0192cce0ff20e42896cc0664f889c0",
                "sha256:f019b770dd64e585a99714f1fd5e01c7a8f11b45635aa953fd41c689a657375b"
            ],
            "index": "pypi",
            "version": "==17.1"
        },
        "pillow": {
            "hashes": [
                "sha256:00633bc2ec40313f4daf351855e506d296ec3c553f21b66720d0f1225ca84c6f",
                "sha256:03514478db61b034fc5d38b9bf060f994e5916776e93f02e59732a8270069c61",
                "sha256:040144ba422216aecf7577484865ade90e1a475f867301c48bf9fbd7579efd76",
                "sha256:16246261ff22368e5e32ad74d5ef40403ab6895171a7fc6d34f6c17cfc0f1943",
                "sha256:1cb38df69362af35c14d4a50123b63c7ff18ec9a6d4d5da629a6f19d05e16ba8",
                "sha256:2400e122f7b21d9801798207e424cbe1f716cee7314cd0c8963fdb6fc564b5fb",
                "sha256:2ee6364b270b56a49e8b8a51488e847ab130adc1220c171bed6818c0d4742455",
                "sha256:3b4560c3891b05022c464b09121bd507c477505a4e19d703e1027a3a7c68d896",
                "sha256:41374a6afb3f44794410dab54a0d7175e6209a5a02d407119c81083f1a4c1841",
                "sha256:438a3faf5f702c8d0f80b9f9f9b8382cfa048ca6a0d64ef71b86b563b0ee0359",
                "sha256:472a124c640bde4d5468f6991c9fa7e30b723d84ac4195a77c6ab6aea30f2b9c",
                "sha256:4d32c8e3623a61d6e29ccd024066cd1ba556555abfb4cd714155020e00107e3f",
                "sha256:4d8077fd649ac40a5c4165f2c22fa2a4ad18c668e271ecb2f9d849d1017a9313",
                "sha256:62ec7ae98357fcd46002c110bb7cad15fce532776f0cbe7ca1d44c49b837d49d",
                "sha256:6c7cab6a05351cf61e469937c49dbf3cdf5ffb3eeac71f8d22dc9be3507598d8",
                "sha256:6eca36905444c4b91fe61f1b9933a47a30480738a1dd26501ff67d94fc2bc112",
                "sha256:74e2ebfd19c16c28ad43b8a28ff73b904ed382ea4875188838541751986e8c9a",
                "sha256:7673e7473a13107059377c96c563aa36f73184c29d2926882e0a0210b779a1e7",
                "sha256:81762cf5fca9a82b53b7b2d0e6b420e0f3b06167b97678c81d00470daa622d58",
                "sha256:8554bbeb4218d9cfb1917c69e6f2d2ad0be9b18a775d2162547edf992e1f5f1f",
                "sha256:9b66e968da9c4393f5795285528bc862c7b97b91251f31a08004a3c626d18114",
                "sha256:a00edb2dec0035e98ac3ec768086f0b06dfabb4ad308592ede364ef573692f55",
                "sha256:b48401752496757e95304a46213c3155bc911ac884bed2e9b275ce1c1df3e293",
                "sha256:b6cf18f9e653a8077522bb3aa753a776b117e3e0cc872c25811cfdf1459491c2",
                "sha256:bb8adab1877e9213385cbb1adc297ed8337e01872c42a30cfaa66ff8c422779c",
                "sha256:c8a4b39ba380b57a31a4b5449a9d257b1302d8bc4799767e645dcee25725efe1",
                "sha256:cee9bc75bff455d317b6947081df0824a8f118de2786dc3d74a3503fd631f4ef",
                "sha256:d0dc1313dff48af64517cbbd85e046d6b477fbe5e9d69712801f024dcb08c62b",
                "sha256:d5bf527ed83617edd1855a5c923eeeaf68bcb9ac0ceb28e3f19b575b3a424984",
                "sha256:df5863a21f91de5ecdf7d32a32f406dd9867ebb35d41033b8bd9607a21887599",
                "sha256:e39142332541ed2884c257495504858b22c078a5d781059b07aba4c3a80d7551",
                "sha256:e52e8f675ba0b2b417fa98579e7286a41a8e23871f17f4793772f5aa884fea79",
                "sha256:e6dd55d5d94b9e36929325dd0c9ab85bfde84a5fc35947c334c32af1af668944",
                "sha256:e87cc1acbebf263f308a8494272c2d42016aa33c32bf14d209c81e1f65e11868",
                "sha256:ea0091cd4100519cedfeea2c659f52291f535ac6725e2368bcf59e874f270efa",
                "sha256:eeb247f4f4d962942b3b555530b0c63b77473c7bfe475e51c6b75b7344b49ce3",
                "sha256:f0d4433adce6075efd24fc0285135248b0b50f5a58129c7e552030e04fe45c7f",
                "sha256:f1f3bd92f8e12dc22884935a73c9f94c4d9bd0d34410c456540713d6b7832b8c",
                "sha256:f42a87cbf50e905f49f053c0b1fb86c911c730624022bf44c8857244fc4cdaca",
                "sha256:f5f302db65e2e0ae96e26670818157640d3ca83a3054c290eff3631598dcf819",
                "sha256:f7634d534662bbb08976db801ba27a112aee23e597eeaf09267b4575341e45bf",
                "sha256:fdd374c02e8bb2d6468a85be50ea66e1c4ef9e809974c30d8576728473a6ed03",
                "sha256:fe6931db24716a0845bd8c8915bd096b77c2a7043e6fc59ae9ca364fe816f08b"
            ],
            "version": "==5.1.0"
        },
        "pyautogui": {
            "hashes": [
                "sha256:f6f0db481b47fc1bf1a7d50918bf9375c5116a4d03c107a4504575af59607c90"
            ],
            "index": "pypi",
            "version": "==0.9.36"
        },
        "pyfiglet": {
            "hashes": [
                "sha256:446194e1fc3257ffc8024eafd3b486394847597f6210278d76bd582850205e12"
            ],
            "version": "==0.7.5"
        },
        "pymsgbox": {
            "hashes": [
                "sha256:3888116a60812d01d44529c402014bf0896d2a9262617cb18faa9a7b3800ad4e"
            ],
            "version": "==1.0.6"
        },
        "pyparsing": {
            "hashes": [
                "sha256:0832bcf47acd283788593e7a0f542407bd9550a55a8a8435214a1960e04bcb04",
                "sha256:281683241b25fe9b80ec9d66017485f6deff1af5cde372469134b56ca8447a07",
                "sha256:8f1e18d3fd36c6795bb7e02a39fd05c611ffc2596c1e0d995d34d67630426c18",
                "sha256:9e8143a3e15c13713506886badd96ca4b579a87fbdf49e550dbfc057d6cb218e",
                "sha256:b8b3117ed9bdf45e14dcc89345ce638ec7e0e29b2b579fa1ecf32ce45ebac8a5",
                "sha256:e4d45427c6e20a59bf4f88c639dcc03ce30d193112047f94012102f235853a58",
                "sha256:fee43f17a9c4087e7ed1605bd6df994c6173c1e977d7ade7b651292fab2bd010"
            ],
            "version": "==2.2.0"
        },
        "pypiwin32": {
            "hashes": [
                "sha256:67adf399debc1d5d14dffc1ab5acacb800da569754fafdc576b2a039485aa775",
                "sha256:71be40c1fbd28594214ecaecb58e7aa8b708eabfa0125c8a109ebd51edbd776a"
            ],
            "markers": "sys_platform == 'win32'",
            "version": "==223"
        },
        "pyscreeze": {
            "hashes": [
                "sha256:fb3c4d50e9b1389d76648e6ea99d1bc79e7df32bd01ae4eb6bf7397e54597421"
            ],
            "version": "==0.1.14"
        },
        "pytweening": {
            "hashes": [
                "sha256:4b608a570f4dccf2201e898f643c2a12372eb1d71a3dbc7e778771b603ca248b"
            ],
            "version": "==1.0.3"
        },
        "pywin32": {
            "hashes": [
                "sha256:0df9b008caef10af0d674c483316c28dcf78391332d9d5d380fab667ebf2d7d1",
                "sha256:249391eb924b8376826e6f84d143d1dcc0e400b238b511d5fbd3811f6ed9ad50",
                "sha256:42f48567e36b787901ff3da20de5a134cd9880cc90832e2aad60951f058699f0",
                "sha256:9eff897796c9d76a213134257a01b6f8a122c55e0772847fba313a8091f3ec44",
                "sha256:c7ea0deabcc324e5b74084b5452003109c592d1aedbe9e9289ed55b26d9b0c7f",
                "sha256:da422d4067d98b49fbb19d851900a5fc38c61eab0ee803574c27c42309173ebe",
                "sha256:f0f0e7c82ee334dd6e888b9b5beb05fd8947355fa7a15644c810bb4ea0079ca6",
                "sha256:fb3c85907918fd01a72ee146d323d220771dee151c0cfa5630c2f35797ffb116"
            ],
            "index": "pypi",
            "version": "==223"
        },
        "pywinauto": {
            "hashes": [
                "sha256:75fdfdea3f018c0efc9196cb184ecd14df8b35734889df9624610b8e74812807"
            ],
            "index": "pypi",
            "version": "==0.6.4"
        },
        "six": {
            "hashes": [
                "sha256:70e8a77beed4562e7f14fe23a786b54f6296e34344c23bc42f07b15018ff98e9",
                "sha256:832dc0e10feb1aa2c68dcc57dbb658f1c7e65b9b61af69048abc87a2db00a0eb"
            ],
            "version": "==1.11.0"
        },
        "wcwidth": {
            "hashes": [
                "sha256:3df37372226d6e63e1b1e1eda15c594bca98a22d33a23832a90998faa96bc65e",
                "sha256:f4ebe71925af7b40a864553f761ed559b43544f8f71746c2d756c7fe788ade7c"
            ],
            "version": "==0.1.7"
        }
    },
    "develop": {}
}
